
Microsoft Visual Studio Solution File, Format Version 12.00
# Visual Studio Version 17
VisualStudioVersion = 17.7.34221.43
MinimumVisualStudioVersion = 10.0.40219.1
Project("{9A19103F-16F7-4668-BE54-9A1E7A4F7556}") = "SalesApp", "SalesApp\SalesApp.csproj", "{19EE663E-EEDF-4C74-8F6C-261715AEF131}"
EndProject
Project("{FAE04EC0-301F-11D3-BF4B-00C04F79EFBC}") = "SalesAPI", "SalesAPI\SalesAPI.csproj", "{23E7A7B0-FDA2-47DF-889B-63C8C5B0CF31}"
EndProject
Global
	GlobalSection(SolutionConfigurationPlatforms) = preSolution
		Debug|Any CPU = Debug|Any CPU
		Release|Any CPU = Release|Any CPU
	EndGlobalSection
	GlobalSection(ProjectConfigurationPlatforms) = postSolution
		{19EE663E-EEDF-4C74-8F6C-261715AEF131}.Debug|Any CPU.ActiveCfg = Debug|Any CPU
		{19EE663E-EEDF-4C74-8F6C-261715AEF131}.Debug|Any CPU.Build.0 = Debug|Any CPU
		{19EE663E-EEDF-4C74-8F6C-261715AEF131}.Release|Any CPU.ActiveCfg = Release|Any CPU
		{19EE663E-EEDF-4C74-8F6C-261715AEF131}.Release|Any CPU.Build.0 = Release|Any CPU
		{23E7A7B0-FDA2-47DF-889B-63C8C5B0CF31}.Debug|Any CPU.ActiveCfg = Debug|Any CPU
		{23E7A7B0-FDA2-47DF-889B-63C8C5B0CF31}.Debug|Any CPU.Build.0 = Debug|Any CPU
		{23E7A7B0-FDA2-47DF-889B-63C8C5B0CF31}.Release|Any CPU.ActiveCfg = Release|Any CPU
		{23E7A7B0-FDA2-47DF-889B-63C8C5B0CF31}.Release|Any CPU.Build.0 = Release|Any CPU
	EndGlobalSection
	GlobalSection(SolutionProperties) = preSolution
		HideSolutionNode = FALSE
	EndGlobalSection
	GlobalSection(ExtensibilityGlobals) = postSolution
		SolutionGuid = {74A61134-C867-47C0-9D23-96D624C0252D}
	EndGlobalSection
EndGlobal
